
Microsoft Visual Studio Solution File, Format Version 12.00
# Visual Studio 15
Project("{FAE04EC0-301F-11D3-BF4B-00C04F79EFBC}") = "Assembly-CSharp", "Assembly-CSharp.csproj", "{DA6CC13D-EFD5-2FB8-A838-BB993C05B214}"
EndProject
Project("{FAE04EC0-301F-11D3-BF4B-00C04F79EFBC}") = "Unity.XR.Interaction.Toolkit.Samples.Hands", "Unity.XR.Interaction.Toolkit.Samples.Hands.csproj", "{63D5F75F-DDE1-168E-2F25-A6C1C5463912}"
EndProject
Project("{FAE04EC0-301F-11D3-BF4B-00C04F79EFBC}") = "Unity.XR.Interaction.Toolkit.Samples.DeviceSimulator", "Unity.XR.Interaction.Toolkit.Samples.DeviceSimulator.csproj", "{8F91DB46-4870-59DB-B859-0934AE524D6A}"
EndProject
Project("{FAE04EC0-301F-11D3-BF4B-00C04F79EFBC}") = "Unity.XR.Interaction.Toolkit.Samples.StarterAssets", "Unity.XR.Interaction.Toolkit.Samples.StarterAssets.csproj", "{BDDCB29D-D844-A342-B4C0-17DDB78C5F44}"
EndProject
Project("{FAE04EC0-301F-11D3-BF4B-00C04F79EFBC}") = "Unity.XR.Interaction.Toolkit.Samples.Hands.Editor", "Unity.XR.Interaction.Toolkit.Samples.Hands.Editor.csproj", "{BFFA3A1A-6D1C-63AD-DA36-F9C161EB7617}"
EndProject
Project("{FAE04EC0-301F-11D3-BF4B-00C04F79EFBC}") = "Unity.XR.Interaction.Toolkit.Samples.StarterAssets.Editor", "Unity.XR.Interaction.Toolkit.Samples.StarterAssets.Editor.csproj", "{BECE0D03-4D91-BA06-F3F1-A5AAC8F92607}"
EndProject
Project("{FAE04EC0-301F-11D3-BF4B-00C04F79EFBC}") = "Assembly-CSharp-firstpass", "Assembly-CSharp-firstpass.csproj", "{4206393B-2CE8-C53E-F4B5-1F18E80034AC}"
EndProject
Project("{FAE04EC0-301F-11D3-BF4B-00C04F79EFBC}") = "Assembly-CSharp-Editor", "Assembly-CSharp-Editor.csproj", "{685E6B59-BD29-E6F7-23D5-A1C0C3AF0183}"
EndProject
Project("{FAE04EC0-301F-11D3-BF4B-00C04F79EFBC}") = "Unity.XR.Hands.Samples.VisualizerSample", "Unity.XR.Hands.Samples.VisualizerSample.csproj", "{74794D35-B3FE-ABC8-7274-D902B413D4CF}"
EndProject
Project("{FAE04EC0-301F-11D3-BF4B-00C04F79EFBC}") = "Assembly-CSharp-Editor-firstpass", "Assembly-CSharp-Editor-firstpass.csproj", "{D0B88B82-4482-9708-7C1A-D2CCC4C4161E}"
EndProject
Global
	GlobalSection(SolutionConfigurationPlatforms) = preSolution
		Debug|Any CPU = Debug|Any CPU
		Release|Any CPU = Release|Any CPU
	EndGlobalSection
	GlobalSection(ProjectConfigurationPlatforms) = postSolution
		{DA6CC13D-EFD5-2FB8-A838-BB993C05B214}.Debug|Any CPU.ActiveCfg = Debug|Any CPU
		{DA6CC13D-EFD5-2FB8-A838-BB993C05B214}.Debug|Any CPU.Build.0 = Debug|Any CPU
		{DA6CC13D-EFD5-2FB8-A838-BB993C05B214}.Release|Any CPU.ActiveCfg = Release|Any CPU
		{DA6CC13D-EFD5-2FB8-A838-BB993C05B214}.Release|Any CPU.Build.0 = Release|Any CPU
		{63D5F75F-DDE1-168E-2F25-A6C1C5463912}.Debug|Any CPU.ActiveCfg = Debug|Any CPU
		{63D5F75F-DDE1-168E-2F25-A6C1C5463912}.Debug|Any CPU.Build.0 = Debug|Any CPU
		{63D5F75F-DDE1-168E-2F25-A6C1C5463912}.Release|Any CPU.ActiveCfg = Release|Any CPU
		{63D5F75F-DDE1-168E-2F25-A6C1C5463912}.Release|Any CPU.Build.0 = Release|Any CPU
		{8F91DB46-4870-59DB-B859-0934AE524D6A}.Debug|Any CPU.ActiveCfg = Debug|Any CPU
		{8F91DB46-4870-59DB-B859-0934AE524D6A}.Debug|Any CPU.Build.0 = Debug|Any CPU
		{8F91DB46-4870-59DB-B859-0934AE524D6A}.Release|Any CPU.ActiveCfg = Release|Any CPU
		{8F91DB46-4870-59DB-B859-0934AE524D6A}.Release|Any CPU.Build.0 = Release|Any CPU
		{BDDCB29D-D844-A342-B4C0-17DDB78C5F44}.Debug|Any CPU.ActiveCfg = Debug|Any CPU
		{BDDCB29D-D844-A342-B4C0-17DDB78C5F44}.Debug|Any CPU.Build.0 = Debug|Any CPU
		{BDDCB29D-D844-A342-B4C0-17DDB78C5F44}.Release|Any CPU.ActiveCfg = Release|Any CPU
		{BDDCB29D-D844-A342-B4C0-17DDB78C5F44}.Release|Any CPU.Build.0 = Release|Any CPU
		{BFFA3A1A-6D1C-63AD-DA36-F9C161EB7617}.Debug|Any CPU.ActiveCfg = Debug|Any CPU
		{BFFA3A1A-6D1C-63AD-DA36-F9C161EB7617}.Debug|Any CPU.Build.0 = Debug|Any CPU
		{BFFA3A1A-6D1C-63AD-DA36-F9C161EB7617}.Release|Any CPU.ActiveCfg = Release|Any CPU
		{BFFA3A1A-6D1C-63AD-DA36-F9C161EB7617}.Release|Any CPU.Build.0 = Release|Any CPU
		{BECE0D03-4D91-BA06-F3F1-A5AAC8F92607}.Debug|Any CPU.ActiveCfg = Debug|Any CPU
		{BECE0D03-4D91-BA06-F3F1-A5AAC8F92607}.Debug|Any CPU.Build.0 = Debug|Any CPU
		{BECE0D03-4D91-BA06-F3F1-A5AAC8F92607}.Release|Any CPU.ActiveCfg = Release|Any CPU
		{BECE0D03-4D91-BA06-F3F1-A5AAC8F92607}.Release|Any CPU.Build.0 = Release|Any CPU
		{4206393B-2CE8-C53E-F4B5-1F18E80034AC}.Debug|Any CPU.ActiveCfg = Debug|Any CPU
		{4206393B-2CE8-C53E-F4B5-1F18E80034AC}.Debug|Any CPU.Build.0 = Debug|Any CPU
		{4206393B-2CE8-C53E-F4B5-1F18E80034AC}.Release|Any CPU.ActiveCfg = Release|Any CPU
		{4206393B-2CE8-C53E-F4B5-1F18E80034AC}.Release|Any CPU.Build.0 = Release|Any CPU
		{685E6B59-BD29-E6F7-23D5-A1C0C3AF0183}.Debug|Any CPU.ActiveCfg = Debug|Any CPU
		{685E6B59-BD29-E6F7-23D5-A1C0C3AF0183}.Debug|Any CPU.Build.0 = Debug|Any CPU
		{685E6B59-BD29-E6F7-23D5-A1C0C3AF0183}.Release|Any CPU.ActiveCfg = Release|Any CPU
		{685E6B59-BD29-E6F7-23D5-A1C0C3AF0183}.Release|Any CPU.Build.0 = Release|Any CPU
		{74794D35-B3FE-ABC8-7274-D902B413D4CF}.Debug|Any CPU.ActiveCfg = Debug|Any CPU
		{74794D35-B3FE-ABC8-7274-D902B413D4CF}.Debug|Any CPU.Build.0 = Debug|Any CPU
		{74794D35-B3FE-ABC8-7274-D902B413D4CF}.Release|Any CPU.ActiveCfg = Release|Any CPU
		{74794D35-B3FE-ABC8-7274-D902B413D4CF}.Release|Any CPU.Build.0 = Release|Any CPU
		{D0B88B82-4482-9708-7C1A-D2CCC4C4161E}.Debug|Any CPU.ActiveCfg = Debug|Any CPU
		{D0B88B82-4482-9708-7C1A-D2CCC4C4161E}.Debug|Any CPU.Build.0 = Debug|Any CPU
		{D0B88B82-4482-9708-7C1A-D2CCC4C4161E}.Release|Any CPU.ActiveCfg = Release|Any CPU
		{D0B88B82-4482-9708-7C1A-D2CCC4C4161E}.Release|Any CPU.Build.0 = Release|Any CPU
	EndGlobalSection
	GlobalSection(SolutionProperties) = preSolution
		HideSolutionNode = FALSE
	EndGlobalSection
EndGlobal
